
Microsoft Visual Studio Solution File, Format Version 12.00
# Visual Studio Version 17
VisualStudioVersion = 17.3.32929.385
MinimumVisualStudioVersion = 10.0.40219.1
Project("{9A19103F-16F7-4668-BE54-9A1E7A4F7556}") = "Backend.Challenge", "Backend.Challenge\Backend.Challenge.csproj", "{8A4BA4C6-5880-4668-A190-3CCC8ED03464}"
EndProject
Project("{FAE04EC0-301F-11D3-BF4B-00C04F79EFBC}") = "Backend.Challenge.Domain", "Backend.Challenge.Domain\Backend.Challenge.Domain.csproj", "{3F8865ED-6435-4351-A0C1-091CA30C77ED}"
EndProject
Project("{FAE04EC0-301F-11D3-BF4B-00C04F79EFBC}") = "Backend.Challenge.Service", "Backend.Challenge.Service\Backend.Challenge.Service.csproj", "{6BCCD133-83E4-473E-B31E-FAD8D75E04BE}"
EndProject
Project("{FAE04EC0-301F-11D3-BF4B-00C04F79EFBC}") = "Backend.Challenge.Infrastructure", "Backend.Challenge.Infrastructure\Backend.Challenge.Infrastructure.csproj", "{FE6155A1-195F-406B-B8AE-ECDCC288695C}"
EndProject
Project("{2150E333-8FDC-42A3-9474-1A3956D46DE8}") = "Presentation", "Presentation", "{789AF6D5-67E0-4F8F-9938-D52EBF15A054}"
EndProject
Project("{2150E333-8FDC-42A3-9474-1A3956D46DE8}") = "Domain", "Domain", "{7F15A3F3-CE9F-4226-A7F7-E81B7E7F31D2}"
EndProject
Project("{2150E333-8FDC-42A3-9474-1A3956D46DE8}") = "Infrastructure", "Infrastructure", "{029A3A4A-0C05-4F71-AB7D-F30491D81C88}"
EndProject
Project("{2150E333-8FDC-42A3-9474-1A3956D46DE8}") = "Service", "Service", "{C0580BAA-4CEA-4CC2-AFAB-611DB0EBA601}"
EndProject
Project("{2150E333-8FDC-42A3-9474-1A3956D46DE8}") = "Test", "Test", "{9C6389DD-5B09-4EC5-BAE0-1ABCF86E26E1}"
EndProject
Project("{FAE04EC0-301F-11D3-BF4B-00C04F79EFBC}") = "Backend.Challenge.Infrastructure.CrossCutting", "Backend.Challenge.Infrastructure.CrossCutting\Backend.Challenge.Infrastructure.CrossCutting.csproj", "{9FDB0DBA-F866-450F-B007-AEA1AB2A97F4}"
EndProject
Project("{FAE04EC0-301F-11D3-BF4B-00C04F79EFBC}") = "Backend.Challenge.Test", "Backend.Challenge.Test\Backend.Challenge.Test.csproj", "{892309B8-0CEF-482F-99EB-A3FFAAC3B346}"
EndProject
Global
	GlobalSection(SolutionConfigurationPlatforms) = preSolution
		Debug|Any CPU = Debug|Any CPU
		Release|Any CPU = Release|Any CPU
	EndGlobalSection
	GlobalSection(ProjectConfigurationPlatforms) = postSolution
		{8A4BA4C6-5880-4668-A190-3CCC8ED03464}.Debug|Any CPU.ActiveCfg = Debug|Any CPU
		{8A4BA4C6-5880-4668-A190-3CCC8ED03464}.Debug|Any CPU.Build.0 = Debug|Any CPU
		{8A4BA4C6-5880-4668-A190-3CCC8ED03464}.Release|Any CPU.ActiveCfg = Release|Any CPU
		{8A4BA4C6-5880-4668-A190-3CCC8ED03464}.Release|Any CPU.Build.0 = Release|Any CPU
		{3F8865ED-6435-4351-A0C1-091CA30C77ED}.Debug|Any CPU.ActiveCfg = Debug|Any CPU
		{3F8865ED-6435-4351-A0C1-091CA30C77ED}.Debug|Any CPU.Build.0 = Debug|Any CPU
		{3F8865ED-6435-4351-A0C1-091CA30C77ED}.Release|Any CPU.ActiveCfg = Release|Any CPU
		{3F8865ED-6435-4351-A0C1-091CA30C77ED}.Release|Any CPU.Build.0 = Release|Any CPU
		{6BCCD133-83E4-473E-B31E-FAD8D75E04BE}.Debug|Any CPU.ActiveCfg = Debug|Any CPU
		{6BCCD133-83E4-473E-B31E-FAD8D75E04BE}.Debug|Any CPU.Build.0 = Debug|Any CPU
		{6BCCD133-83E4-473E-B31E-FAD8D75E04BE}.Release|Any CPU.ActiveCfg = Release|Any CPU
		{6BCCD133-83E4-473E-B31E-FAD8D75E04BE}.Release|Any CPU.Build.0 = Release|Any CPU
		{FE6155A1-195F-406B-B8AE-ECDCC288695C}.Debug|Any CPU.ActiveCfg = Debug|Any CPU
		{FE6155A1-195F-406B-B8AE-ECDCC288695C}.Debug|Any CPU.Build.0 = Debug|Any CPU
		{FE6155A1-195F-406B-B8AE-ECDCC288695C}.Release|Any CPU.ActiveCfg = Release|Any CPU
		{FE6155A1-195F-406B-B8AE-ECDCC288695C}.Release|Any CPU.Build.0 = Release|Any CPU
		{9FDB0DBA-F866-450F-B007-AEA1AB2A97F4}.Debug|Any CPU.ActiveCfg = Debug|Any CPU
		{9FDB0DBA-F866-450F-B007-AEA1AB2A97F4}.Debug|Any CPU.Build.0 = Debug|Any CPU
		{9FDB0DBA-F866-450F-B007-AEA1AB2A97F4}.Release|Any CPU.ActiveCfg = Release|Any CPU
		{9FDB0DBA-F866-450F-B007-AEA1AB2A97F4}.Release|Any CPU.Build.0 = Release|Any CPU
		{892309B8-0CEF-482F-99EB-A3FFAAC3B346}.Debug|Any CPU.ActiveCfg = Debug|Any CPU
		{892309B8-0CEF-482F-99EB-A3FFAAC3B346}.Debug|Any CPU.Build.0 = Debug|Any CPU
		{892309B8-0CEF-482F-99EB-A3FFAAC3B346}.Release|Any CPU.ActiveCfg = Release|Any CPU
		{892309B8-0CEF-482F-99EB-A3FFAAC3B346}.Release|Any CPU.Build.0 = Release|Any CPU
	EndGlobalSection
	GlobalSection(SolutionProperties) = preSolution
		HideSolutionNode = FALSE
	EndGlobalSection
	GlobalSection(NestedProjects) = preSolution
		{8A4BA4C6-5880-4668-A190-3CCC8ED03464} = {789AF6D5-67E0-4F8F-9938-D52EBF15A054}
		{3F8865ED-6435-4351-A0C1-091CA30C77ED} = {7F15A3F3-CE9F-4226-A7F7-E81B7E7F31D2}
		{6BCCD133-83E4-473E-B31E-FAD8D75E04BE} = {C0580BAA-4CEA-4CC2-AFAB-611DB0EBA601}
		{FE6155A1-195F-406B-B8AE-ECDCC288695C} = {029A3A4A-0C05-4F71-AB7D-F30491D81C88}
		{9FDB0DBA-F866-450F-B007-AEA1AB2A97F4} = {029A3A4A-0C05-4F71-AB7D-F30491D81C88}
		{892309B8-0CEF-482F-99EB-A3FFAAC3B346} = {9C6389DD-5B09-4EC5-BAE0-1ABCF86E26E1}
	EndGlobalSection
	GlobalSection(ExtensibilityGlobals) = postSolution
		SolutionGuid = {52F86815-DAA2-489F-A413-12AE444EDC2F}
	EndGlobalSection
EndGlobal
